
Microsoft Visual Studio Solution File, Format Version 12.00
# Visual Studio Version 17
VisualStudioVersion = 17.14.36414.22 d17.14
MinimumVisualStudioVersion = 10.0.40219.1
Project("{FAE04EC0-301F-11D3-BF4B-00C04F79EFBC}") = "DolgozatWPF", "DolgozatWPF\DolgozatWPF.csproj", "{D83C08A0-E9BA-4D6F-801E-5C515BD1E1BB}"
EndProject
Global
	GlobalSection(SolutionConfigurationPlatforms) = preSolution
		Debug|Any CPU = Debug|Any CPU
		Release|Any CPU = Release|Any CPU
	EndGlobalSection
	GlobalSection(ProjectConfigurationPlatforms) = postSolution
		{D83C08A0-E9BA-4D6F-801E-5C515BD1E1BB}.Debug|Any CPU.ActiveCfg = Debug|Any CPU
		{D83C08A0-E9BA-4D6F-801E-5C515BD1E1BB}.Debug|Any CPU.Build.0 = Debug|Any CPU
		{D83C08A0-E9BA-4D6F-801E-5C515BD1E1BB}.Release|Any CPU.ActiveCfg = Release|Any CPU
		{D83C08A0-E9BA-4D6F-801E-5C515BD1E1BB}.Release|Any CPU.Build.0 = Release|Any CPU
	EndGlobalSection
	GlobalSection(SolutionProperties) = preSolution
		HideSolutionNode = FALSE
	EndGlobalSection
	GlobalSection(ExtensibilityGlobals) = postSolution
		SolutionGuid = {7BFCEF3C-44EC-4BC6-B635-11DCAB37E0AE}
	EndGlobalSection
EndGlobal
